
Microsoft Visual Studio Solution File, Format Version 12.00
# Visual Studio 15
VisualStudioVersion = 15.0.28010.2026
MinimumVisualStudioVersion = 10.0.40219.1
Project("{FAE04EC0-301F-11D3-BF4B-00C04F79EFBC}") = "StudentRecordsUI", "StudentRecordsUI\StudentRecordsUI.csproj", "{899E5D73-2F01-48BD-8021-ACD81B5E9A76}"
EndProject
Project("{9A19103F-16F7-4668-BE54-9A1E7A4F7556}") = "StudentRecordsServices", "StudentRecordsServices\StudentRecordsServices.csproj", "{198CFBFC-6758-4B73-BBC6-FC7BF28A6009}"
EndProject
Project("{9A19103F-16F7-4668-BE54-9A1E7A4F7556}") = "StudentRecordsRepositories", "StudentRecordsRepositories\StudentRecordsRepositories.csproj", "{FA65DABB-E33F-4ECB-8BC4-EC0F5D2F618C}"
EndProject
Project("{9A19103F-16F7-4668-BE54-9A1E7A4F7556}") = "StudentRecordsModels", "StudentRecordsModels\StudentRecordsModels.csproj", "{025FA187-9C42-4E87-B570-4FBACFDA0F10}"
EndProject
Project("{9A19103F-16F7-4668-BE54-9A1E7A4F7556}") = "StudentRecordsViewModels", "StudentRecordsViewModels\StudentRecordsViewModels.csproj", "{5E6389C2-DBC0-4D20-AD57-A67DB5D70C15}"
EndProject
Project("{FAE04EC0-301F-11D3-BF4B-00C04F79EFBC}") = "StudentRecordsWPFUI", "StudentRecordsWPFUI\StudentRecordsWPFUI.csproj", "{7F648CDF-AED1-4173-966E-7F70C9B50610}"
EndProject
Global
	GlobalSection(SolutionConfigurationPlatforms) = preSolution
		Debug|Any CPU = Debug|Any CPU
		Debug|ARM = Debug|ARM
		Debug|x64 = Debug|x64
		Debug|x86 = Debug|x86
		Release|Any CPU = Release|Any CPU
		Release|ARM = Release|ARM
		Release|x64 = Release|x64
		Release|x86 = Release|x86
	EndGlobalSection
	GlobalSection(ProjectConfigurationPlatforms) = postSolution
		{899E5D73-2F01-48BD-8021-ACD81B5E9A76}.Debug|Any CPU.ActiveCfg = Debug|x86
		{899E5D73-2F01-48BD-8021-ACD81B5E9A76}.Debug|ARM.ActiveCfg = Debug|ARM
		{899E5D73-2F01-48BD-8021-ACD81B5E9A76}.Debug|ARM.Build.0 = Debug|ARM
		{899E5D73-2F01-48BD-8021-ACD81B5E9A76}.Debug|ARM.Deploy.0 = Debug|ARM
		{899E5D73-2F01-48BD-8021-ACD81B5E9A76}.Debug|x64.ActiveCfg = Debug|x64
		{899E5D73-2F01-48BD-8021-ACD81B5E9A76}.Debug|x64.Build.0 = Debug|x64
		{899E5D73-2F01-48BD-8021-ACD81B5E9A76}.Debug|x64.Deploy.0 = Debug|x64
		{899E5D73-2F01-48BD-8021-ACD81B5E9A76}.Debug|x86.ActiveCfg = Debug|x86
		{899E5D73-2F01-48BD-8021-ACD81B5E9A76}.Debug|x86.Build.0 = Debug|x86
		{899E5D73-2F01-48BD-8021-ACD81B5E9A76}.Debug|x86.Deploy.0 = Debug|x86
		{899E5D73-2F01-48BD-8021-ACD81B5E9A76}.Release|Any CPU.ActiveCfg = Release|x86
		{899E5D73-2F01-48BD-8021-ACD81B5E9A76}.Release|ARM.ActiveCfg = Release|ARM
		{899E5D73-2F01-48BD-8021-ACD81B5E9A76}.Release|ARM.Build.0 = Release|ARM
		{899E5D73-2F01-48BD-8021-ACD81B5E9A76}.Release|ARM.Deploy.0 = Release|ARM
		{899E5D73-2F01-48BD-8021-ACD81B5E9A76}.Release|x64.ActiveCfg = Release|x64
		{899E5D73-2F01-48BD-8021-ACD81B5E9A76}.Release|x64.Build.0 = Release|x64
		{899E5D73-2F01-48BD-8021-ACD81B5E9A76}.Release|x64.Deploy.0 = Release|x64
		{899E5D73-2F01-48BD-8021-ACD81B5E9A76}.Release|x86.ActiveCfg = Release|x86
		{899E5D73-2F01-48BD-8021-ACD81B5E9A76}.Release|x86.Build.0 = Release|x86
		{899E5D73-2F01-48BD-8021-ACD81B5E9A76}.Release|x86.Deploy.0 = Release|x86
		{198CFBFC-6758-4B73-BBC6-FC7BF28A6009}.Debug|Any CPU.ActiveCfg = Debug|Any CPU
		{198CFBFC-6758-4B73-BBC6-FC7BF28A6009}.Debug|Any CPU.Build.0 = Debug|Any CPU
		{198CFBFC-6758-4B73-BBC6-FC7BF28A6009}.Debug|ARM.ActiveCfg = Debug|Any CPU
		{198CFBFC-6758-4B73-BBC6-FC7BF28A6009}.Debug|ARM.Build.0 = Debug|Any CPU
		{198CFBFC-6758-4B73-BBC6-FC7BF28A6009}.Debug|x64.ActiveCfg = Debug|Any CPU
		{198CFBFC-6758-4B73-BBC6-FC7BF28A6009}.Debug|x64.Build.0 = Debug|Any CPU
		{198CFBFC-6758-4B73-BBC6-FC7BF28A6009}.Debug|x86.ActiveCfg = Debug|Any CPU
		{198CFBFC-6758-4B73-BBC6-FC7BF28A6009}.Debug|x86.Build.0 = Debug|Any CPU
		{198CFBFC-6758-4B73-BBC6-FC7BF28A6009}.Release|Any CPU.ActiveCfg = Release|Any CPU
		{198CFBFC-6758-4B73-BBC6-FC7BF28A6009}.Release|Any CPU.Build.0 = Release|Any CPU
		{198CFBFC-6758-4B73-BBC6-FC7BF28A6009}.Release|ARM.ActiveCfg = Release|Any CPU
		{198CFBFC-6758-4B73-BBC6-FC7BF28A6009}.Release|ARM.Build.0 = Release|Any CPU
		{198CFBFC-6758-4B73-BBC6-FC7BF28A6009}.Release|x64.ActiveCfg = Release|Any CPU
		{198CFBFC-6758-4B73-BBC6-FC7BF28A6009}.Release|x64.Build.0 = Release|Any CPU
		{198CFBFC-6758-4B73-BBC6-FC7BF28A6009}.Release|x86.ActiveCfg = Release|Any CPU
		{198CFBFC-6758-4B73-BBC6-FC7BF28A6009}.Release|x86.Build.0 = Release|Any CPU
		{FA65DABB-E33F-4ECB-8BC4-EC0F5D2F618C}.Debug|Any CPU.ActiveCfg = Debug|Any CPU
		{FA65DABB-E33F-4ECB-8BC4-EC0F5D2F618C}.Debug|Any CPU.Build.0 = Debug|Any CPU
		{FA65DABB-E33F-4ECB-8BC4-EC0F5D2F618C}.Debug|ARM.ActiveCfg = Debug|Any CPU
		{FA65DABB-E33F-4ECB-8BC4-EC0F5D2F618C}.Debug|ARM.Build.0 = Debug|Any CPU
		{FA65DABB-E33F-4ECB-8BC4-EC0F5D2F618C}.Debug|x64.ActiveCfg = Debug|Any CPU
		{FA65DABB-E33F-4ECB-8BC4-EC0F5D2F618C}.Debug|x64.Build.0 = Debug|Any CPU
		{FA65DABB-E33F-4ECB-8BC4-EC0F5D2F618C}.Debug|x86.ActiveCfg = Debug|Any CPU
		{FA65DABB-E33F-4ECB-8BC4-EC0F5D2F618C}.Debug|x86.Build.0 = Debug|Any CPU
		{FA65DABB-E33F-4ECB-8BC4-EC0F5D2F618C}.Release|Any CPU.ActiveCfg = Release|Any CPU
		{FA65DABB-E33F-4ECB-8BC4-EC0F5D2F618C}.Release|Any CPU.Build.0 = Release|Any CPU
		{FA65DABB-E33F-4ECB-8BC4-EC0F5D2F618C}.Release|ARM.ActiveCfg = Release|Any CPU
		{FA65DABB-E33F-4ECB-8BC4-EC0F5D2F618C}.Release|ARM.Build.0 = Release|Any CPU
		{FA65DABB-E33F-4ECB-8BC4-EC0F5D2F618C}.Release|x64.ActiveCfg = Release|Any CPU
		{FA65DABB-E33F-4ECB-8BC4-EC0F5D2F618C}.Release|x64.Build.0 = Release|Any CPU
		{FA65DABB-E33F-4ECB-8BC4-EC0F5D2F618C}.Release|x86.ActiveCfg = Release|Any CPU
		{FA65DABB-E33F-4ECB-8BC4-EC0F5D2F618C}.Release|x86.Build.0 = Release|Any CPU
		{025FA187-9C42-4E87-B570-4FBACFDA0F10}.Debug|Any CPU.ActiveCfg = Debug|Any CPU
		{025FA187-9C42-4E87-B570-4FBACFDA0F10}.Debug|Any CPU.Build.0 = Debug|Any CPU
		{025FA187-9C42-4E87-B570-4FBACFDA0F10}.Debug|ARM.ActiveCfg = Debug|Any CPU
		{025FA187-9C42-4E87-B570-4FBACFDA0F10}.Debug|ARM.Build.0 = Debug|Any CPU
		{025FA187-9C42-4E87-B570-4FBACFDA0F10}.Debug|x64.ActiveCfg = Debug|Any CPU
		{025FA187-9C42-4E87-B570-4FBACFDA0F10}.Debug|x64.Build.0 = Debug|Any CPU
		{025FA187-9C42-4E87-B570-4FBACFDA0F10}.Debug|x86.ActiveCfg = Debug|Any CPU
		{025FA187-9C42-4E87-B570-4FBACFDA0F10}.Debug|x86.Build.0 = Debug|Any CPU
		{025FA187-9C42-4E87-B570-4FBACFDA0F10}.Release|Any CPU.ActiveCfg = Release|Any CPU
		{025FA187-9C42-4E87-B570-4FBACFDA0F10}.Release|Any CPU.Build.0 = Release|Any CPU
		{025FA187-9C42-4E87-B570-4FBACFDA0F10}.Release|ARM.ActiveCfg = Release|Any CPU
		{025FA187-9C42-4E87-B570-4FBACFDA0F10}.Release|ARM.Build.0 = Release|Any CPU
		{025FA187-9C42-4E87-B570-4FBACFDA0F10}.Release|x64.ActiveCfg = Release|Any CPU
		{025FA187-9C42-4E87-B570-4FBACFDA0F10}.Release|x64.Build.0 = Release|Any CPU
		{025FA187-9C42-4E87-B570-4FBACFDA0F10}.Release|x86.ActiveCfg = Release|Any CPU
		{025FA187-9C42-4E87-B570-4FBACFDA0F10}.Release|x86.Build.0 = Release|Any CPU
		{5E6389C2-DBC0-4D20-AD57-A67DB5D70C15}.Debug|Any CPU.ActiveCfg = Debug|Any CPU
		{5E6389C2-DBC0-4D20-AD57-A67DB5D70C15}.Debug|Any CPU.Build.0 = Debug|Any CPU
		{5E6389C2-DBC0-4D20-AD57-A67DB5D70C15}.Debug|ARM.ActiveCfg = Debug|Any CPU
		{5E6389C2-DBC0-4D20-AD57-A67DB5D70C15}.Debug|ARM.Build.0 = Debug|Any CPU
		{5E6389C2-DBC0-4D20-AD57-A67DB5D70C15}.Debug|x64.ActiveCfg = Debug|Any CPU
		{5E6389C2-DBC0-4D20-AD57-A67DB5D70C15}.Debug|x64.Build.0 = Debug|Any CPU
		{5E6389C2-DBC0-4D20-AD57-A67DB5D70C15}.Debug|x86.ActiveCfg = Debug|Any CPU
		{5E6389C2-DBC0-4D20-AD57-A67DB5D70C15}.Debug|x86.Build.0 = Debug|Any CPU
		{5E6389C2-DBC0-4D20-AD57-A67DB5D70C15}.Release|Any CPU.ActiveCfg = Release|Any CPU
		{5E6389C2-DBC0-4D20-AD57-A67DB5D70C15}.Release|Any CPU.Build.0 = Release|Any CPU
		{5E6389C2-DBC0-4D20-AD57-A67DB5D70C15}.Release|ARM.ActiveCfg = Release|Any CPU
		{5E6389C2-DBC0-4D20-AD57-A67DB5D70C15}.Release|ARM.Build.0 = Release|Any CPU
		{5E6389C2-DBC0-4D20-AD57-A67DB5D70C15}.Release|x64.ActiveCfg = Release|Any CPU
		{5E6389C2-DBC0-4D20-AD57-A67DB5D70C15}.Release|x64.Build.0 = Release|Any CPU
		{5E6389C2-DBC0-4D20-AD57-A67DB5D70C15}.Release|x86.ActiveCfg = Release|Any CPU
		{5E6389C2-DBC0-4D20-AD57-A67DB5D70C15}.Release|x86.Build.0 = Release|Any CPU
		{7F648CDF-AED1-4173-966E-7F70C9B50610}.Debug|Any CPU.ActiveCfg = Debug|Any CPU
		{7F648CDF-AED1-4173-966E-7F70C9B50610}.Debug|Any CPU.Build.0 = Debug|Any CPU
		{7F648CDF-AED1-4173-966E-7F70C9B50610}.Debug|ARM.ActiveCfg = Debug|Any CPU
		{7F648CDF-AED1-4173-966E-7F70C9B50610}.Debug|ARM.Build.0 = Debug|Any CPU
		{7F648CDF-AED1-4173-966E-7F70C9B50610}.Debug|x64.ActiveCfg = Debug|Any CPU
		{7F648CDF-AED1-4173-966E-7F70C9B50610}.Debug|x64.Build.0 = Debug|Any CPU
		{7F648CDF-AED1-4173-966E-7F70C9B50610}.Debug|x86.ActiveCfg = Debug|Any CPU
		{7F648CDF-AED1-4173-966E-7F70C9B50610}.Debug|x86.Build.0 = Debug|Any CPU
		{7F648CDF-AED1-4173-966E-7F70C9B50610}.Release|Any CPU.ActiveCfg = Release|Any CPU
		{7F648CDF-AED1-4173-966E-7F70C9B50610}.Release|Any CPU.Build.0 = Release|Any CPU
		{7F648CDF-AED1-4173-966E-7F70C9B50610}.Release|ARM.ActiveCfg = Release|Any CPU
		{7F648CDF-AED1-4173-966E-7F70C9B50610}.Release|ARM.Build.0 = Release|Any CPU
		{7F648CDF-AED1-4173-966E-7F70C9B50610}.Release|x64.ActiveCfg = Release|Any CPU
		{7F648CDF-AED1-4173-966E-7F70C9B50610}.Release|x64.Build.0 = Release|Any CPU
		{7F648CDF-AED1-4173-966E-7F70C9B50610}.Release|x86.ActiveCfg = Release|Any CPU
		{7F648CDF-AED1-4173-966E-7F70C9B50610}.Release|x86.Build.0 = Release|Any CPU
	EndGlobalSection
	GlobalSection(SolutionProperties) = preSolution
		HideSolutionNode = FALSE
	EndGlobalSection
	GlobalSection(ExtensibilityGlobals) = postSolution
		SolutionGuid = {B056E11B-A495-431F-A5E4-27A1ABA5EA9A}
	EndGlobalSection
EndGlobal
